<?xml version="1.0" encoding="utf-8"?>
<Project ToolsVersion="4.0" xmlns="http://schemas.microsoft.com/developer/msbuild/2003">
  <ItemGroup>
    <Filter Include="include">
      <UniqueIdentifier>{8678259d-eb47-45e5-b8a2-7dfe2fe9ef06}</UniqueIdentifier>
    </Filter>
    <Filter Include="include\fmt">
      <UniqueIdentifier>{f5896dad-9ee6-4328-a56b-61164a08685f}</UniqueIdentifier>
    </Filter>
    <Filter Include="src">
      <UniqueIdentifier>{7c4ec71e-1d03-491d-8d9d-87cae31672ba}</UniqueIdentifier>
    </Filter>
  </ItemGroup>
  <ItemGroup>
    <ClInclude Include="include\fmt\args.h">
      <Filter>include\fmt</Filter>
    </ClInclude>
    <ClInclude Include="include\fmt\base.h">
      <Filter>include\fmt</Filter>
    </ClInclude>
    <ClInclude Include="include\fmt\chrono.h">
      <Filter>include\fmt</Filter>
    </ClInclude>
    <ClInclude Include="include\fmt\color.h">
      <Filter>include\fmt</Filter>
    </ClInclude>
    <ClInclude Include="include\fmt\compile.h">
      <Filter>include\fmt</Filter>
    </ClInclude>
    <ClInclude Include="include\fmt\core.h">
      <Filter>include\fmt</Filter>
    </ClInclude>
    <ClInclude Include="include\fmt\format-inl.h">
      <Filter>include\fmt</Filter>
    </ClInclude>
    <ClInclude Include="include\fmt\format.h">
      <Filter>include\fmt</Filter>
    </ClInclude>
    <ClInclude Include="include\fmt\os.h">
      <Filter>include\fmt</Filter>
    </ClInclude>
    <ClInclude Include="include\fmt\ostream.h">
      <Filter>include\fmt</Filter>
    </ClInclude>
    <ClInclude Include="include\fmt\printf.h">
      <Filter>include\fmt</Filter>
    </ClInclude>
    <ClInclude Include="include\fmt\ranges.h">
      <Filter>include\fmt</Filter>
    </ClInclude>
    <ClInclude Include="include\fmt\std.h">
      <Filter>include\fmt</Filter>
    </ClInclude>
    <ClInclude Include="include\fmt\xchar.h">
      <Filter>include\fmt</Filter>
    </ClInclude>
  </ItemGroup>
  <ItemGroup>
    <ClCompile Include="src\os.cc">
      <Filter>src</Filter>
    </ClCompile>
    <ClCompile Include="src\format.cc">
      <Filter>src</Filter>
    </ClCompile>
  </ItemGroup>
</Project>